
Microsoft Visual Studio Solution File, Format Version 12.00
# Visual Studio Version 16
VisualStudioVersion = 16.6.30114.105
MinimumVisualStudioVersion = 10.0.40219.1
Project("{9A19103F-16F7-4668-BE54-9A1E7A4F7556}") = "R5T.T0063", "R5T.T0063\R5T.T0063.csproj", "{3829004E-72C9-4463-9454-926E5C6977CD}"
EndProject
Project("{2150E333-8FDC-42A3-9474-1A3956D46DE8}") = "_Dependencies", "_Dependencies", "{8AD13572-1996-4576-B7B9-C4351F764D73}"
EndProject
Project("{9A19103F-16F7-4668-BE54-9A1E7A4F7556}") = "R5T.L0013", "..\..\R5T.L0013\source\R5T.L0013\R5T.L0013.csproj", "{FEE9081B-6221-4E99-AAEC-53441B2C565F}"
EndProject
Global
	GlobalSection(SolutionConfigurationPlatforms) = preSolution
		Debug|Any CPU = Debug|Any CPU
		Debug|x64 = Debug|x64
		Debug|x86 = Debug|x86
		Release|Any CPU = Release|Any CPU
		Release|x64 = Release|x64
		Release|x86 = Release|x86
	EndGlobalSection
	GlobalSection(ProjectConfigurationPlatforms) = postSolution
		{3829004E-72C9-4463-9454-926E5C6977CD}.Debug|Any CPU.ActiveCfg = Debug|Any CPU
		{3829004E-72C9-4463-9454-926E5C6977CD}.Debug|Any CPU.Build.0 = Debug|Any CPU
		{3829004E-72C9-4463-9454-926E5C6977CD}.Debug|x64.ActiveCfg = Debug|Any CPU
		{3829004E-72C9-4463-9454-926E5C6977CD}.Debug|x64.Build.0 = Debug|Any CPU
		{3829004E-72C9-4463-9454-926E5C6977CD}.Debug|x86.ActiveCfg = Debug|Any CPU
		{3829004E-72C9-4463-9454-926E5C6977CD}.Debug|x86.Build.0 = Debug|Any CPU
		{3829004E-72C9-4463-9454-926E5C6977CD}.Release|Any CPU.ActiveCfg = Release|Any CPU
		{3829004E-72C9-4463-9454-926E5C6977CD}.Release|Any CPU.Build.0 = Release|Any CPU
		{3829004E-72C9-4463-9454-926E5C6977CD}.Release|x64.ActiveCfg = Release|Any CPU
		{3829004E-72C9-4463-9454-926E5C6977CD}.Release|x64.Build.0 = Release|Any CPU
		{3829004E-72C9-4463-9454-926E5C6977CD}.Release|x86.ActiveCfg = Release|Any CPU
		{3829004E-72C9-4463-9454-926E5C6977CD}.Release|x86.Build.0 = Release|Any CPU
		{FEE9081B-6221-4E99-AAEC-53441B2C565F}.Debug|Any CPU.ActiveCfg = Debug|Any CPU
		{FEE9081B-6221-4E99-AAEC-53441B2C565F}.Debug|Any CPU.Build.0 = Debug|Any CPU
		{FEE9081B-6221-4E99-AAEC-53441B2C565F}.Debug|x64.ActiveCfg = Debug|Any CPU
		{FEE9081B-6221-4E99-AAEC-53441B2C565F}.Debug|x64.Build.0 = Debug|Any CPU
		{FEE9081B-6221-4E99-AAEC-53441B2C565F}.Debug|x86.ActiveCfg = Debug|Any CPU
		{FEE9081B-6221-4E99-AAEC-53441B2C565F}.Debug|x86.Build.0 = Debug|Any CPU
		{FEE9081B-6221-4E99-AAEC-53441B2C565F}.Release|Any CPU.ActiveCfg = Release|Any CPU
		{FEE9081B-6221-4E99-AAEC-53441B2C565F}.Release|Any CPU.Build.0 = Release|Any CPU
		{FEE9081B-6221-4E99-AAEC-53441B2C565F}.Release|x64.ActiveCfg = Release|Any CPU
		{FEE9081B-6221-4E99-AAEC-53441B2C565F}.Release|x64.Build.0 = Release|Any CPU
		{FEE9081B-6221-4E99-AAEC-53441B2C565F}.Release|x86.ActiveCfg = Release|Any CPU
		{FEE9081B-6221-4E99-AAEC-53441B2C565F}.Release|x86.Build.0 = Release|Any CPU
	EndGlobalSection
	GlobalSection(SolutionProperties) = preSolution
		HideSolutionNode = FALSE
	EndGlobalSection
	GlobalSection(NestedProjects) = preSolution
		{FEE9081B-6221-4E99-AAEC-53441B2C565F} = {8AD13572-1996-4576-B7B9-C4351F764D73}
	EndGlobalSection
	GlobalSection(ExtensibilityGlobals) = postSolution
		SolutionGuid = {18FDA226-8258-4FB6-A309-66A974CF217A}
	EndGlobalSection
EndGlobal
