
Microsoft Visual Studio Solution File, Format Version 12.00
# Visual Studio Version 16
VisualStudioVersion = 16.6.30114.105
MinimumVisualStudioVersion = 10.0.40219.1
Project("{FAE04EC0-301F-11D3-BF4B-00C04F79EFBC}") = "R5T.T0063", "R5T.T0063\R5T.T0063.csproj", "{3829004E-72C9-4463-9454-926E5C6977CD}"
EndProject
Project("{2150E333-8FDC-42A3-9474-1A3956D46DE8}") = "_Dependencies", "_Dependencies", "{8AD13572-1996-4576-B7B9-C4351F764D73}"
EndProject
Project("{FAE04EC0-301F-11D3-BF4B-00C04F79EFBC}") = "R5T.Magyar", "..\..\R5T.Magyar\source\R5T.Magyar\R5T.Magyar.csproj", "{D6E0959F-3DBE-4400-82F1-BEFC5476FD3D}"
EndProject
Global
	GlobalSection(SolutionConfigurationPlatforms) = preSolution
		Debug|Any CPU = Debug|Any CPU
		Debug|x64 = Debug|x64
		Debug|x86 = Debug|x86
		Release|Any CPU = Release|Any CPU
		Release|x64 = Release|x64
		Release|x86 = Release|x86
	EndGlobalSection
	GlobalSection(SolutionProperties) = preSolution
		HideSolutionNode = FALSE
	EndGlobalSection
	GlobalSection(ProjectConfigurationPlatforms) = postSolution
		{3829004E-72C9-4463-9454-926E5C6977CD}.Debug|Any CPU.ActiveCfg = Debug|Any CPU
		{3829004E-72C9-4463-9454-926E5C6977CD}.Debug|Any CPU.Build.0 = Debug|Any CPU
		{3829004E-72C9-4463-9454-926E5C6977CD}.Debug|x64.ActiveCfg = Debug|Any CPU
		{3829004E-72C9-4463-9454-926E5C6977CD}.Debug|x64.Build.0 = Debug|Any CPU
		{3829004E-72C9-4463-9454-926E5C6977CD}.Debug|x86.ActiveCfg = Debug|Any CPU
		{3829004E-72C9-4463-9454-926E5C6977CD}.Debug|x86.Build.0 = Debug|Any CPU
		{3829004E-72C9-4463-9454-926E5C6977CD}.Release|Any CPU.ActiveCfg = Release|Any CPU
		{3829004E-72C9-4463-9454-926E5C6977CD}.Release|Any CPU.Build.0 = Release|Any CPU
		{3829004E-72C9-4463-9454-926E5C6977CD}.Release|x64.ActiveCfg = Release|Any CPU
		{3829004E-72C9-4463-9454-926E5C6977CD}.Release|x64.Build.0 = Release|Any CPU
		{3829004E-72C9-4463-9454-926E5C6977CD}.Release|x86.ActiveCfg = Release|Any CPU
		{3829004E-72C9-4463-9454-926E5C6977CD}.Release|x86.Build.0 = Release|Any CPU
		{D6E0959F-3DBE-4400-82F1-BEFC5476FD3D}.Debug|Any CPU.ActiveCfg = Debug|Any CPU
		{D6E0959F-3DBE-4400-82F1-BEFC5476FD3D}.Debug|Any CPU.Build.0 = Debug|Any CPU
		{D6E0959F-3DBE-4400-82F1-BEFC5476FD3D}.Debug|x64.ActiveCfg = Debug|Any CPU
		{D6E0959F-3DBE-4400-82F1-BEFC5476FD3D}.Debug|x64.Build.0 = Debug|Any CPU
		{D6E0959F-3DBE-4400-82F1-BEFC5476FD3D}.Debug|x86.ActiveCfg = Debug|Any CPU
		{D6E0959F-3DBE-4400-82F1-BEFC5476FD3D}.Debug|x86.Build.0 = Debug|Any CPU
		{D6E0959F-3DBE-4400-82F1-BEFC5476FD3D}.Release|Any CPU.ActiveCfg = Release|Any CPU
		{D6E0959F-3DBE-4400-82F1-BEFC5476FD3D}.Release|Any CPU.Build.0 = Release|Any CPU
		{D6E0959F-3DBE-4400-82F1-BEFC5476FD3D}.Release|x64.ActiveCfg = Release|Any CPU
		{D6E0959F-3DBE-4400-82F1-BEFC5476FD3D}.Release|x64.Build.0 = Release|Any CPU
		{D6E0959F-3DBE-4400-82F1-BEFC5476FD3D}.Release|x86.ActiveCfg = Release|Any CPU
		{D6E0959F-3DBE-4400-82F1-BEFC5476FD3D}.Release|x86.Build.0 = Release|Any CPU
	EndGlobalSection
	GlobalSection(NestedProjects) = preSolution
		{D6E0959F-3DBE-4400-82F1-BEFC5476FD3D} = {8AD13572-1996-4576-B7B9-C4351F764D73}
	EndGlobalSection
EndGlobal
